<?xml version="1.0" encoding="utf-8"?>
<Project ToolsVersion="4.0" xmlns="http://schemas.microsoft.com/developer/msbuild/2003">
  <ItemGroup>
    <Filter Include="Source Files">
      <UniqueIdentifier>{4FC737F1-C7A5-4376-A066-2A32D752A2FF}</UniqueIdentifier>
      <Extensions>cpp;c;cc;cxx;c++;cppm;ixx;def;odl;idl;hpj;bat;asm;asmx</Extensions>
    </Filter>
    <Filter Include="Header Files">
      <UniqueIdentifier>{93995380-89BD-4b04-88EB-625FBE52EBFB}</UniqueIdentifier>
      <Extensions>h;hh;hpp;hxx;h++;hm;inl;inc;ipp;xsd</Extensions>
    </Filter>
    <Filter Include="Resource Files">
      <UniqueIdentifier>{67DA6AB6-F800-4c08-8B7A-83BB121AAD01}</UniqueIdentifier>
      <Extensions>rc;ico;cur;bmp;dlg;rc2;rct;bin;rgs;gif;jpg;jpeg;jpe;resx;tiff;tif;png;wav;mfcribbon-ms</Extensions>
    </Filter>
  </ItemGroup>
  <ItemGroup>
    <Image Include="assets\oak_log_top.png">
      <Filter>Resource Files</Filter>
    </Image>
    <Image Include="assets\test.png">
      <Filter>Resource Files</Filter>
    </Image>
    <Image Include="assets\consolas.png">
      <Filter>Resource Files</Filter>
    </Image>
    <Image Include="assets\atlas.png">
      <Filter>Resource Files</Filter>
    </Image>
  </ItemGroup>
  <ItemGroup>
    <ClCompile Include="src\world\camera.cpp">
      <Filter>Source Files</Filter>
    </ClCompile>
    <ClCompile Include="src\world\collision\prism.cpp">
      <Filter>Source Files</Filter>
    </ClCompile>
    <ClCompile Include="src\world\scene.cpp">
      <Filter>Source Files</Filter>
    </ClCompile>
    <ClCompile Include="src\app.cpp">
      <Filter>Source Files</Filter>
    </ClCompile>
    <ClCompile Include="src\glad.c">
      <Filter>Source Files</Filter>
    </ClCompile>
    <ClCompile Include="src\main.cpp">
      <Filter>Source Files</Filter>
    </ClCompile>
    <ClCompile Include="src\wrapper\program\base_program.cpp">
      <Filter>Source Files</Filter>
    </ClCompile>
    <ClCompile Include="src\world\collision\transformable.cpp">
      <Filter>Source Files</Filter>
    </ClCompile>
    <ClCompile Include="src\util\glm_utils.cpp">
      <Filter>Source Files</Filter>
    </ClCompile>
    <ClCompile Include="src\wrapper\program\programs.cpp">
      <Filter>Source Files</Filter>
    </ClCompile>
    <ClCompile Include="src\texture_tile.cpp">
      <Filter>Source Files</Filter>
    </ClCompile>
    <ClCompile Include="src\wrapper\vao.cpp">
      <Filter>Source Files</Filter>
    </ClCompile>
    <ClCompile Include="src\wrapper\base_buffer_object.cpp">
      <Filter>Source Files</Filter>
    </ClCompile>
    <ClCompile Include="src\wrapper\tex_object.cpp">
      <Filter>Source Files</Filter>
    </ClCompile>
    <ClCompile Include="src\util\gl_utils.cpp">
      <Filter>Source Files</Filter>
    </ClCompile>
    <ClCompile Include="src\wrapper\gl_object.cpp">
      <Filter>Source Files</Filter>
    </ClCompile>
    <ClCompile Include="src\font.cpp">
      <Filter>Source Files</Filter>
    </ClCompile>
    <ClCompile Include="src\update_cycle.cpp">
      <Filter>Source Files</Filter>
    </ClCompile>
    <ClCompile Include="src\world\collision\polyhedron.cpp">
      <Filter>Source Files</Filter>
    </ClCompile>
    <ClCompile Include="src\world\render\renderable.h">
      <Filter>Source Files</Filter>
    </ClCompile>
    <ClCompile Include="src\world\collision\features\edge.cpp">
      <Filter>Source Files</Filter>
    </ClCompile>
    <ClCompile Include="src\world\collision\features\face.cpp">
      <Filter>Source Files</Filter>
    </ClCompile>
    <ClCompile Include="src\world\collision\features\feature.cpp">
      <Filter>Source Files</Filter>
    </ClCompile>
    <ClCompile Include="src\world\collision\features\vertex.cpp">
      <Filter>Source Files</Filter>
    </ClCompile>
    <ClCompile Include="src\world\render\renderable.cpp">
      <Filter>Source Files</Filter>
    </ClCompile>
    <ClCompile Include="src\world\collision\box.cpp">
      <Filter>Source Files</Filter>
    </ClCompile>
    <ClCompile Include="src\world\base_polyhedron.cpp">
      <Filter>Source Files</Filter>
    </ClCompile>
    <ClCompile Include="src\world\render\face_uv_list.cpp">
      <Filter>Source Files</Filter>
    </ClCompile>
    <ClCompile Include="src\world\game_object.cpp">
      <Filter>Source Files</Filter>
    </ClCompile>
    <ClCompile Include="src\world\collision\simplex.cpp">
      <Filter>Source Files</Filter>
    </ClCompile>
  </ItemGroup>
  <ItemGroup>
    <ClInclude Include="src\world\camera.h">
      <Filter>Header Files</Filter>
    </ClInclude>
    <ClInclude Include="src\world\collision\prism.h">
      <Filter>Header Files</Filter>
    </ClInclude>
    <ClInclude Include="src\world\scene.h">
      <Filter>Header Files</Filter>
    </ClInclude>
    <ClInclude Include="src\app.h">
      <Filter>Header Files</Filter>
    </ClInclude>
    <ClInclude Include="src\util\debug_utils.h">
      <Filter>Header Files</Filter>
    </ClInclude>
    <ClInclude Include="src\util\gl_utils.h">
      <Filter>Header Files</Filter>
    </ClInclude>
    <ClInclude Include="src\util\glm_utils.h">
      <Filter>Header Files</Filter>
    </ClInclude>
    <ClInclude Include="src\wrapper\program\base_program.h">
      <Filter>Header Files</Filter>
    </ClInclude>
    <ClInclude Include="src\world\collision\game_object.h">
      <Filter>Header Files</Filter>
    </ClInclude>
    <ClInclude Include="src\world\collision\transformable.h">
      <Filter>Header Files</Filter>
    </ClInclude>
    <ClInclude Include="src\wrapper\program\programs.h">
      <Filter>Header Files</Filter>
    </ClInclude>
    <ClInclude Include="src\texture_tile.h">
      <Filter>Header Files</Filter>
    </ClInclude>
    <ClInclude Include="src\wrapper\vao.h">
      <Filter>Header Files</Filter>
    </ClInclude>
    <ClInclude Include="src\wrapper\base_buffer_object.h">
      <Filter>Header Files</Filter>
    </ClInclude>
    <ClInclude Include="src\wrapper\buffer_objects.h">
      <Filter>Header Files</Filter>
    </ClInclude>
    <ClInclude Include="src\wrapper\gl_object.h">
      <Filter>Header Files</Filter>
    </ClInclude>
    <ClInclude Include="src\wrapper\tex_object.h">
      <Filter>Header Files</Filter>
    </ClInclude>
    <ClInclude Include="src\wrapper\program\vertex_formats.h">
      <Filter>Header Files</Filter>
    </ClInclude>
    <ClInclude Include="src\font.h">
      <Filter>Header Files</Filter>
    </ClInclude>
    <ClInclude Include="src\update_cycle.h">
      <Filter>Header Files</Filter>
    </ClInclude>
    <ClInclude Include="src\world\render\face_uv_list.h">
      <Filter>Header Files</Filter>
    </ClInclude>
    <ClInclude Include="src\world\collision\polyhedron.h">
      <Filter>Header Files</Filter>
    </ClInclude>
    <ClInclude Include="src\world\collision\features\vertex.h">
      <Filter>Header Files</Filter>
    </ClInclude>
    <ClInclude Include="src\world\collision\features\edge.h">
      <Filter>Header Files</Filter>
    </ClInclude>
    <ClInclude Include="src\world\collision\features\face.h">
      <Filter>Header Files</Filter>
    </ClInclude>
    <ClInclude Include="src\world\collision\features\feature.h">
      <Filter>Header Files</Filter>
    </ClInclude>
    <ClInclude Include="src\world\collision\box.h">
      <Filter>Header Files</Filter>
    </ClInclude>
    <ClInclude Include="src\world\game_object.h">
      <Filter>Header Files</Filter>
    </ClInclude>
    <ClInclude Include="src\world\base_polyhedron.h">
      <Filter>Header Files</Filter>
    </ClInclude>
    <ClInclude Include="src\util\vector_utils.h">
      <Filter>Header Files</Filter>
    </ClInclude>
    <ClInclude Include="src\util\memory_utils.h">
      <Filter>Header Files</Filter>
    </ClInclude>
    <ClInclude Include="src\world\collision\simplex.h">
      <Filter>Header Files</Filter>
    </ClInclude>
  </ItemGroup>
  <ItemGroup>
    <Text Include="assets\cube.txt" />
  </ItemGroup>
  <ItemGroup>
    <None Include="OpenGL Test.aps" />
    <None Include="assets\shader\default.vert" />
    <None Include="assets\shader\font.vert" />
    <None Include="assets\shader\default.frag" />
    <None Include="assets\shader\font.frag" />
  </ItemGroup>
</Project>