<?xml version="1.0" encoding="utf-8"?>
<Project ToolsVersion="4.0" xmlns="http://schemas.microsoft.com/developer/msbuild/2003">
  <ItemGroup>
    <Filter Include="Source Files">
      <UniqueIdentifier>{4FC737F1-C7A5-4376-A066-2A32D752A2FF}</UniqueIdentifier>
      <Extensions>cpp;c;cc;cxx;c++;cppm;ixx;def;odl;idl;hpj;bat;asm;asmx</Extensions>
    </Filter>
    <Filter Include="Header Files">
      <UniqueIdentifier>{93995380-89BD-4b04-88EB-625FBE52EBFB}</UniqueIdentifier>
      <Extensions>h;hh;hpp;hxx;h++;hm;inl;inc;ipp;xsd</Extensions>
    </Filter>
    <Filter Include="Resource Files">
      <UniqueIdentifier>{67DA6AB6-F800-4c08-8B7A-83BB121AAD01}</UniqueIdentifier>
      <Extensions>rc;ico;cur;bmp;dlg;rc2;rct;bin;rgs;gif;jpg;jpeg;jpe;resx;tiff;tif;png;wav;mfcribbon-ms</Extensions>
    </Filter>
  </ItemGroup>
  <ItemGroup>
    <Image Include="assets\oak_log_top.png">
      <Filter>Resource Files</Filter>
    </Image>
    <Image Include="assets\test.png">
      <Filter>Resource Files</Filter>
    </Image>
    <Image Include="assets\consolas.png">
      <Filter>Resource Files</Filter>
    </Image>
    <Image Include="assets\atlas.png">
      <Filter>Resource Files</Filter>
    </Image>
    <Image Include="assets\consolas1024.png">
      <Filter>Resource Files</Filter>
    </Image>
  </ItemGroup>
  <ItemGroup>
    <ClCompile Include="src\glad.c">
      <Filter>Source Files</Filter>
    </ClCompile>
    <ClCompile Include="src\main.cpp">
      <Filter>Source Files</Filter>
    </ClCompile>
    <ClCompile Include="src\util\debug.ixx">
      <Filter>Source Files</Filter>
    </ClCompile>
    <ClCompile Include="src\util\glm.ixx">
      <Filter>Source Files</Filter>
    </ClCompile>
    <ClCompile Include="src\util\memory.ixx">
      <Filter>Source Files</Filter>
    </ClCompile>
    <ClCompile Include="src\util\polyhedron.ixx">
      <Filter>Source Files</Filter>
    </ClCompile>
    <ClCompile Include="src\util\vector.ixx">
      <Filter>Source Files</Filter>
    </ClCompile>
    <ClCompile Include="src\app\app.ixx">
      <Filter>Source Files</Filter>
    </ClCompile>
    <ClCompile Include="src\app\update_cycle.ixx">
      <Filter>Source Files</Filter>
    </ClCompile>
    <ClCompile Include="src\app\update_cycle.cpp">
      <Filter>Source Files</Filter>
    </ClCompile>
    <ClCompile Include="src\app\text\font.ixx">
      <Filter>Source Files</Filter>
    </ClCompile>
    <ClCompile Include="src\app\texture_tile.ixx">
      <Filter>Source Files</Filter>
    </ClCompile>
    <ClCompile Include="src\app\text\font.cpp">
      <Filter>Source Files</Filter>
    </ClCompile>
    <ClCompile Include="src\app\texture_tile.cpp">
      <Filter>Source Files</Filter>
    </ClCompile>
    <ClCompile Include="src\app\app.cpp">
      <Filter>Source Files</Filter>
    </ClCompile>
    <ClCompile Include="src\wrapper\gl_object.ixx">
      <Filter>Source Files</Filter>
    </ClCompile>
    <ClCompile Include="src\wrapper\vao.ixx">
      <Filter>Source Files</Filter>
    </ClCompile>
    <ClCompile Include="src\wrapper\tex_object.ixx">
      <Filter>Source Files</Filter>
    </ClCompile>
    <ClCompile Include="src\wrapper\buffer_object.ixx">
      <Filter>Source Files</Filter>
    </ClCompile>
    <ClCompile Include="src\wrapper\gl_object.cpp">
      <Filter>Source Files</Filter>
    </ClCompile>
    <ClCompile Include="src\wrapper\buffer_object.cpp">
      <Filter>Source Files</Filter>
    </ClCompile>
    <ClCompile Include="src\wrapper\vao.cpp">
      <Filter>Source Files</Filter>
    </ClCompile>
    <ClCompile Include="src\wrapper\tex_object.cpp">
      <Filter>Source Files</Filter>
    </ClCompile>
    <ClCompile Include="src\wrapper\program\vertex_formats.ixx">
      <Filter>Source Files</Filter>
    </ClCompile>
    <ClCompile Include="src\wrapper\program\base_program.ixx">
      <Filter>Source Files</Filter>
    </ClCompile>
    <ClCompile Include="src\wrapper\program\base_program.cpp">
      <Filter>Source Files</Filter>
    </ClCompile>
    <ClCompile Include="src\wrapper\program\programs.ixx">
      <Filter>Source Files</Filter>
    </ClCompile>
    <ClCompile Include="src\wrapper\program\programs-simple.ixx">
      <Filter>Source Files</Filter>
    </ClCompile>
    <ClCompile Include="src\wrapper\program\programs-font.ixx">
      <Filter>Source Files</Filter>
    </ClCompile>
    <ClCompile Include="src\wrapper\program\programs-simple.cpp">
      <Filter>Source Files</Filter>
    </ClCompile>
    <ClCompile Include="src\wrapper\program\programs-font.cpp">
      <Filter>Source Files</Filter>
    </ClCompile>
    <ClCompile Include="src\world\scene.cpp">
      <Filter>Source Files</Filter>
    </ClCompile>
    <ClCompile Include="src\world\scene.ixx">
      <Filter>Source Files</Filter>
    </ClCompile>
    <ClCompile Include="src\world\camera.cpp">
      <Filter>Source Files</Filter>
    </ClCompile>
    <ClCompile Include="src\world\camera.ixx">
      <Filter>Source Files</Filter>
    </ClCompile>
    <ClCompile Include="src\world\game_object.ixx">
      <Filter>Source Files</Filter>
    </ClCompile>
    <ClCompile Include="src\world\transform\transformable.ixx">
      <Filter>Source Files</Filter>
    </ClCompile>
    <ClCompile Include="src\world\game_object.cpp">
      <Filter>Source Files</Filter>
    </ClCompile>
    <ClCompile Include="src\world\base_polyhedron.ixx">
      <Filter>Source Files</Filter>
    </ClCompile>
    <ClCompile Include="src\world\collision\collider.ixx">
      <Filter>Source Files</Filter>
    </ClCompile>
    <ClCompile Include="src\world\base_polyhedron.cpp">
      <Filter>Source Files</Filter>
    </ClCompile>
    <ClCompile Include="src\world\render\renderable.cpp">
      <Filter>Source Files</Filter>
    </ClCompile>
    <ClCompile Include="src\world\collision\collider.cpp">
      <Filter>Source Files</Filter>
    </ClCompile>
    <ClCompile Include="src\world\collision\feature\feature.ixx">
      <Filter>Source Files</Filter>
    </ClCompile>
    <ClCompile Include="src\world\collision\feature\vertex.ixx">
      <Filter>Source Files</Filter>
    </ClCompile>
    <ClCompile Include="src\world\collision\feature\edge.ixx">
      <Filter>Source Files</Filter>
    </ClCompile>
    <ClCompile Include="src\world\collision\feature\face.ixx">
      <Filter>Source Files</Filter>
    </ClCompile>
    <ClCompile Include="src\world\collision\feature\feature.cpp">
      <Filter>Source Files</Filter>
    </ClCompile>
    <ClCompile Include="src\world\collision\feature\vertex.cpp">
      <Filter>Source Files</Filter>
    </ClCompile>
    <ClCompile Include="src\world\collision\feature\edge.cpp">
      <Filter>Source Files</Filter>
    </ClCompile>
    <ClCompile Include="src\world\collision\feature\face.cpp">
      <Filter>Source Files</Filter>
    </ClCompile>
    <ClCompile Include="src\world\render\renderable.ixx">
      <Filter>Source Files</Filter>
    </ClCompile>
    <ClCompile Include="src\world\transform\transformable.cpp">
      <Filter>Source Files</Filter>
    </ClCompile>
    <ClCompile Include="src\wrapper\program\vertex_formats-simple.ixx">
      <Filter>Source Files</Filter>
    </ClCompile>
    <ClCompile Include="src\wrapper\program\vertex_formats-font.ixx">
      <Filter>Source Files</Filter>
    </ClCompile>
    <ClCompile Include="src\wrapper\program\vertex_formats-font.cpp">
      <Filter>Source Files</Filter>
    </ClCompile>
    <ClCompile Include="src\wrapper\program\vertex_formats-simple.cpp">
      <Filter>Source Files</Filter>
    </ClCompile>
    <ClCompile Include="src\util\math.ixx">
      <Filter>Source Files</Filter>
    </ClCompile>
    <ClCompile Include="src\world\entity\player.ixx">
      <Filter>Source Files</Filter>
    </ClCompile>
    <ClCompile Include="src\world\factory\factories.ixx">
      <Filter>Source Files</Filter>
    </ClCompile>
    <ClCompile Include="src\world\factory\factories-simplex.ixx">
      <Filter>Source Files</Filter>
    </ClCompile>
    <ClCompile Include="src\world\factory\base_factory.cpp">
      <Filter>Source Files</Filter>
    </ClCompile>
    <ClCompile Include="src\world\factory\base_factory.ixx">
      <Filter>Source Files</Filter>
    </ClCompile>
    <ClCompile Include="src\world\factory\factories-prism.ixx">
      <Filter>Source Files</Filter>
    </ClCompile>
    <ClCompile Include="src\app\text\base_text_corner.ixx">
      <Filter>Source Files</Filter>
    </ClCompile>
    <ClCompile Include="src\app\text\base_text_corner.cpp">
      <Filter>Source Files</Filter>
    </ClCompile>
    <ClCompile Include="src\app\text\text_corners.ixx">
      <Filter>Source Files</Filter>
    </ClCompile>
    <ClCompile Include="src\world\collision\algorithms.ixx">
      <Filter>Source Files</Filter>
    </ClCompile>
    <ClCompile Include="src\world\collision\feature\differentiable_feature.ixx">
      <Filter>Source Files</Filter>
    </ClCompile>
    <ClCompile Include="src\world\collision\vclip\region\voronoi_region.ixx">
      <Filter>Source Files</Filter>
    </ClCompile>
    <ClCompile Include="src\world\collision\vclip\plane\voronoi_plane.ixx">
      <Filter>Source Files</Filter>
    </ClCompile>
    <ClCompile Include="src\world\collision\vclip\plane\feature_plane.ixx">
      <Filter>Source Files</Filter>
    </ClCompile>
    <ClCompile Include="src\world\collision\vclip\plane\edge_fe_plane.cpp">
      <Filter>Source Files</Filter>
    </ClCompile>
    <ClCompile Include="src\world\collision\vclip\plane\edge_fe_plane.ixx">
      <Filter>Source Files</Filter>
    </ClCompile>
    <ClCompile Include="src\world\collision\vclip\plane\edge_ve_plane.cpp">
      <Filter>Source Files</Filter>
    </ClCompile>
    <ClCompile Include="src\world\collision\vclip\plane\edge_ve_plane.ixx">
      <Filter>Source Files</Filter>
    </ClCompile>
    <ClCompile Include="src\world\collision\vclip\plane\face_fe_plane.cpp">
      <Filter>Source Files</Filter>
    </ClCompile>
    <ClCompile Include="src\world\collision\vclip\plane\face_fe_plane.ixx">
      <Filter>Source Files</Filter>
    </ClCompile>
    <ClCompile Include="src\world\collision\vclip\plane\vertex_ve_plane.cpp">
      <Filter>Source Files</Filter>
    </ClCompile>
    <ClCompile Include="src\world\collision\vclip\plane\vertex_ve_plane.ixx">
      <Filter>Source Files</Filter>
    </ClCompile>
    <ClCompile Include="src\world\collision\vclip\region\edge_region.cpp">
      <Filter>Source Files</Filter>
    </ClCompile>
    <ClCompile Include="src\world\collision\vclip\region\face_region.cpp">
      <Filter>Source Files</Filter>
    </ClCompile>
    <ClCompile Include="src\world\collision\vclip\region\vertex_region.cpp">
      <Filter>Source Files</Filter>
    </ClCompile>
    <ClCompile Include="src\world\collision\vclip\plane\fe_plane.ixx">
      <Filter>Source Files</Filter>
    </ClCompile>
    <ClCompile Include="src\world\collision\vclip\plane\support_plane.cpp">
      <Filter>Source Files</Filter>
    </ClCompile>
    <ClCompile Include="src\world\collision\vclip\plane\support_plane.ixx">
      <Filter>Source Files</Filter>
    </ClCompile>
    <ClCompile Include="src\world\collision\vclip\plane\ve_plane.ixx">
      <Filter>Source Files</Filter>
    </ClCompile>
    <ClCompile Include="src\world\collision\vclip\region\edge_region.ixx">
      <Filter>Source Files</Filter>
    </ClCompile>
    <ClCompile Include="src\world\collision\vclip\region\face_region.ixx">
      <Filter>Source Files</Filter>
    </ClCompile>
    <ClCompile Include="src\world\collision\vclip\region\vertex_region.ixx">
      <Filter>Source Files</Filter>
    </ClCompile>
    <ClCompile Include="src\world\entity\player.cpp">
      <Filter>Source Files</Filter>
    </ClCompile>
    <ClCompile Include="src\util\glm.cpp">
      <Filter>Source Files</Filter>
    </ClCompile>
    <ClCompile Include="src\rendering\animation.ixx">
      <Filter>Source Files</Filter>
    </ClCompile>
    <ClCompile Include="src\rendering\frame\keyframe.ixx">
      <Filter>Source Files</Filter>
    </ClCompile>
    <ClCompile Include="src\rendering\animation.cpp">
      <Filter>Source Files</Filter>
    </ClCompile>
    <ClCompile Include="src\rendering\frame\frame.ixx">
      <Filter>Source Files</Filter>
    </ClCompile>
    <ClCompile Include="src\rendering\frame\inbetween.ixx">
      <Filter>Source Files</Filter>
    </ClCompile>
    <ClCompile Include="src\rendering\frame\inbetween.cpp">
      <Filter>Source Files</Filter>
    </ClCompile>
    <ClCompile Include="src\rendering\frame\keyframe.cpp">
      <Filter>Source Files</Filter>
    </ClCompile>
    <ClCompile Include="src\rendering\frame\frame.cpp">
      <Filter>Source Files</Filter>
    </ClCompile>
    <ClCompile Include="src\app\input\input_handler.ixx">
      <Filter>Source Files</Filter>
    </ClCompile>
    <ClCompile Include="src\app\input\input_handler.cpp">
      <Filter>Source Files</Filter>
    </ClCompile>
    <ClCompile Include="src\world\transform\translatable.ixx">
      <Filter>Source Files</Filter>
    </ClCompile>
    <ClCompile Include="src\world\transform\translatable.cpp">
      <Filter>Source Files</Filter>
    </ClCompile>
    <ClCompile Include="src\world\transform\rotatable.ixx">
      <Filter>Source Files</Filter>
    </ClCompile>
    <ClCompile Include="src\world\transform\rotatable.cpp">
      <Filter>Source Files</Filter>
    </ClCompile>
    <ClCompile Include="src\world\physics\physics_object.ixx">
      <Filter>Source Files</Filter>
    </ClCompile>
    <ClCompile Include="src\world\physics\physics_object.cpp">
      <Filter>Source Files</Filter>
    </ClCompile>
  </ItemGroup>
  <ItemGroup>
    <ClInclude Include="src\util\gl_utils.hpp">
      <Filter>Header Files</Filter>
    </ClInclude>
  </ItemGroup>
  <ItemGroup>
    <Text Include="assets\cube.txt" />
  </ItemGroup>
  <ItemGroup>
    <None Include="assets\shader\default.vert" />
    <None Include="assets\shader\font.vert" />
    <None Include="assets\shader\default.frag" />
    <None Include="assets\shader\font.frag" />
    <None Include="assets\simplex.pdn" />
    <None Include="assets\untitled.blend" />
    <None Include="assets\untitled.pdn" />
    <None Include=".gitignore" />
    <None Include="assets\prism.pdn" />
    <None Include="OpenGL Test.aps" />
  </ItemGroup>
</Project>